
Microsoft Visual Studio Solution File, Format Version 12.00
# Visual Studio Version 16
VisualStudioVersion = 16.0.29230.47
MinimumVisualStudioVersion = 10.0.40219.1
Project("{FAE04EC0-301F-11D3-BF4B-00C04F79EFBC}") = "Final_MineSweeper", "Final_MineSweeper\Final_MineSweeper.csproj", "{C7FD4E5A-5398-4395-8C48-A1F0A783B41B}"
EndProject
Global
	GlobalSection(SolutionConfigurationPlatforms) = preSolution
		Debug|Any CPU = Debug|Any CPU
		Release|Any CPU = Release|Any CPU
	EndGlobalSection
	GlobalSection(ProjectConfigurationPlatforms) = postSolution
		{C7FD4E5A-5398-4395-8C48-A1F0A783B41B}.Debug|Any CPU.ActiveCfg = Debug|Any CPU
		{C7FD4E5A-5398-4395-8C48-A1F0A783B41B}.Debug|Any CPU.Build.0 = Debug|Any CPU
		{C7FD4E5A-5398-4395-8C48-A1F0A783B41B}.Release|Any CPU.ActiveCfg = Release|Any CPU
		{C7FD4E5A-5398-4395-8C48-A1F0A783B41B}.Release|Any CPU.Build.0 = Release|Any CPU
	EndGlobalSection
	GlobalSection(SolutionProperties) = preSolution
		HideSolutionNode = FALSE
	EndGlobalSection
	GlobalSection(ExtensibilityGlobals) = postSolution
		SolutionGuid = {C2BBA191-BEB3-42B2-B5F2-40A955FDDA20}
	EndGlobalSection
EndGlobal
